
Microsoft Visual Studio Solution File, Format Version 12.00
# Visual Studio Version 16
VisualStudioVersion = 16.0.30002.166
MinimumVisualStudioVersion = 10.0.40219.1
Project("{FAE04EC0-301F-11D3-BF4B-00C04F79EFBC}") = "TestProjectAndy", "TestProjectAndy\TestProjectAndy.csproj", "{88A62022-09F5-4031-83DC-2FD984DE3380}"
EndProject
Global
	GlobalSection(SolutionConfigurationPlatforms) = preSolution
		Debug|Any CPU = Debug|Any CPU
		Release|Any CPU = Release|Any CPU
	EndGlobalSection
	GlobalSection(ProjectConfigurationPlatforms) = postSolution
		{88A62022-09F5-4031-83DC-2FD984DE3380}.Debug|Any CPU.ActiveCfg = Debug|Any CPU
		{88A62022-09F5-4031-83DC-2FD984DE3380}.Debug|Any CPU.Build.0 = Debug|Any CPU
		{88A62022-09F5-4031-83DC-2FD984DE3380}.Release|Any CPU.ActiveCfg = Release|Any CPU
		{88A62022-09F5-4031-83DC-2FD984DE3380}.Release|Any CPU.Build.0 = Release|Any CPU
	EndGlobalSection
	GlobalSection(SolutionProperties) = preSolution
		HideSolutionNode = FALSE
	EndGlobalSection
	GlobalSection(ExtensibilityGlobals) = postSolution
		SolutionGuid = {61928B18-33EF-404D-A155-E765DD108F68}
	EndGlobalSection
EndGlobal
