
Microsoft Visual Studio Solution File, Format Version 12.00
# Visual Studio Version 16
VisualStudioVersion = 16.0.30002.166
MinimumVisualStudioVersion = 10.0.40219.1
Project("{FAE04EC0-301F-11D3-BF4B-00C04F79EFBC}") = "TaskCreativeTim", "TaskCreativeTim\TaskCreativeTim.csproj", "{4CA21A1B-B49C-4189-AE26-89DCA956CD80}"
EndProject
Global
	GlobalSection(SolutionConfigurationPlatforms) = preSolution
		Debug|Any CPU = Debug|Any CPU
		Release|Any CPU = Release|Any CPU
	EndGlobalSection
	GlobalSection(ProjectConfigurationPlatforms) = postSolution
		{4CA21A1B-B49C-4189-AE26-89DCA956CD80}.Debug|Any CPU.ActiveCfg = Debug|Any CPU
		{4CA21A1B-B49C-4189-AE26-89DCA956CD80}.Debug|Any CPU.Build.0 = Debug|Any CPU
		{4CA21A1B-B49C-4189-AE26-89DCA956CD80}.Release|Any CPU.ActiveCfg = Release|Any CPU
		{4CA21A1B-B49C-4189-AE26-89DCA956CD80}.Release|Any CPU.Build.0 = Release|Any CPU
	EndGlobalSection
	GlobalSection(SolutionProperties) = preSolution
		HideSolutionNode = FALSE
	EndGlobalSection
	GlobalSection(ExtensibilityGlobals) = postSolution
		SolutionGuid = {D2A77C02-3D84-43E7-A4B3-8D54E8A85A81}
	EndGlobalSection
EndGlobal
